{
	"name": "instagram-proxy",
	"version": "1.0.0",
	"lockfileVersion": 3,
	"requires": true,
	"packages": {
		"": {
			"name": "instagram-proxy",
			"version": "1.0.0",
			"license": "ISC",
			"dependencies": {
				"@hono/node-server": "^1.14.4",
				"big-integer": "^1.6.51",
				"hono": "^4.7.11",
				"js-abbreviation-number": "^1.4.0",
				"normalize-strings": "^1.1.1",
				"normalize-text": "^2.4.0",
				"normalize-unicode-text": "^0.0.1"
			}
		},
		"node_modules/@bitty/pipe": {
			"version": "0.3.0",
			"resolved": "https://registry.npmjs.org/@bitty/pipe/-/pipe-0.3.0.tgz",
			"integrity": "sha512-Ft4tmMM8vfuQOD3jpmvCYPEXoLhWLXWh/Mkeql09d3+9FFMaQBdFdo8GBmhQ01z+D6P3NkqNq02rbb4oBkhjLw==",
			"license": "MIT"
		},
		"node_modules/@hono/node-server": {
			"version": "1.14.4",
			"resolved": "https://registry.npmjs.org/@hono/node-server/-/node-server-1.14.4.tgz",
			"integrity": "sha512-DnxpshhYewr2q9ZN8ez/M5mmc3sucr8CT1sIgIy1bkeUXut9XWDkqHoFHRhWIQgkYnKpVRxunyhK7WzpJeJ6qQ==",
			"license": "MIT",
			"engines": {
				"node": ">=18.14.1"
			},
			"peerDependencies": {
				"hono": "^4"
			}
		},
		"node_modules/big-integer": {
			"version": "1.6.52",
			"resolved": "https://registry.npmjs.org/big-integer/-/big-integer-1.6.52.tgz",
			"integrity": "sha512-QxD8cf2eVqJOOz63z6JIN9BzvVs/dlySa5HGSBH5xtR8dPteIRQnBxxKqkNTiT6jbDTF6jAfrd4oMcND9RGbQg==",
			"license": "Unlicense",
			"engines": {
				"node": ">=0.6"
			}
		},
		"node_modules/hono": {
			"version": "4.7.11",
			"resolved": "https://registry.npmjs.org/hono/-/hono-4.7.11.tgz",
			"integrity": "sha512-rv0JMwC0KALbbmwJDEnxvQCeJh+xbS3KEWW5PC9cMJ08Ur9xgatI0HmtgYZfOdOSOeYsp5LO2cOhdI8cLEbDEQ==",
			"license": "MIT",
			"engines": {
				"node": ">=16.9.0"
			}
		},
		"node_modules/js-abbreviation-number": {
			"version": "1.4.0",
			"resolved": "https://registry.npmjs.org/js-abbreviation-number/-/js-abbreviation-number-1.4.0.tgz",
			"integrity": "sha512-4sSNspIdfSjCrKm97JZRFgaNgkwBIiVL+hb+piWXqmFW9HaixGa+3G+dSClZvryUZqlcFhMOG3gCeUuAP6lLig==",
			"license": "MIT"
		},
		"node_modules/normalize-strings": {
			"version": "1.1.1",
			"resolved": "https://registry.npmjs.org/normalize-strings/-/normalize-strings-1.1.1.tgz",
			"integrity": "sha512-fARPRdTwmrQDLYhmeh7j/eZwrCP6WzxD6uKOdK/hT/uKACAE9AG2Bc2dgqOZLkfmmctHpfcJ9w3AQnfLgg3GYg==",
			"license": "MIT"
		},
		"node_modules/normalize-text": {
			"version": "2.6.0",
			"resolved": "https://registry.npmjs.org/normalize-text/-/normalize-text-2.6.0.tgz",
			"integrity": "sha512-/nNYxjIiJFatuDBPeYxrLH3GWw4y6jyplxkP3YEiwXtEYkbC6xvMMvjy+Y9wvlij4BrsTPGb+qUefphcnAfaKQ==",
			"license": "MIT",
			"dependencies": {
				"@bitty/pipe": "^0.3.0"
			}
		},
		"node_modules/normalize-unicode-text": {
			"version": "0.0.1",
			"resolved": "https://registry.npmjs.org/normalize-unicode-text/-/normalize-unicode-text-0.0.1.tgz",
			"integrity": "sha512-zzW9hCazMohI1lf3zWF7k7ecCmL/T2ZaiV7W7ZIjmTmNT0bqNfnsgBfQnudYn8zG1uk7PrPmBXd2CkujehZpDw==",
			"license": "MIT"
		}
	}
}
